
Microsoft Visual Studio Solution File, Format Version 12.00
# Visual Studio 15
VisualStudioVersion = 15.0.27130.2010
MinimumVisualStudioVersion = 10.0.40219.1
Project("{8BC9CEB8-8B4A-11D0-8D11-00A0C91BC942}") = "YseEngine", "YseEngine\YseEngine.vcxitems", "{151113AF-31F8-41FD-8A93-82AC5B374B13}"
EndProject
Project("{2150E333-8FDC-42A3-9474-1A3956D46DE8}") = "Libraries", "Libraries", "{CDABC5DC-BB66-474F-BEE4-BE3951DF19F9}"
EndProject
Project("{2150E333-8FDC-42A3-9474-1A3956D46DE8}") = "Tests", "Tests", "{B9486425-4B6A-4A05-A8BF-0D86CF1F498F}"
EndProject
Project("{8BC9CEB8-8B4A-11D0-8D11-00A0C91BC942}") = "Yse.Windows.Native", "Yse.Windows.Native\Yse.Windows.Native.vcxproj", "{65DF5B1B-CFC7-4199-ADD3-5543D85E3226}"
EndProject
Project("{8BC9CEB8-8B4A-11D0-8D11-00A0C91BC942}") = "Demo.Windows.Native", "Demo.Windows.Native\Demo.Windows.Native.vcxproj", "{982EB9F0-84E1-4202-B922-CE19798BB485}"
	ProjectSection(ProjectDependencies) = postProject
		{65DF5B1B-CFC7-4199-ADD3-5543D85E3226} = {65DF5B1B-CFC7-4199-ADD3-5543D85E3226}
	EndProjectSection
EndProject
Project("{8BC9CEB8-8B4A-11D0-8D11-00A0C91BC942}") = "Generate.NET", "Generate.NET\Generate.NET.vcxproj", "{34922650-929A-49F5-8F4F-F1B03C31AB04}"
EndProject
Project("{D954291E-2A0B-460D-934E-DC6B0785DB48}") = "NetYse", "NetYse\NetYse.shproj", "{030E9ED2-EDAE-417B-BBBC-30B29785653B}"
EndProject
Project("{9A19103F-16F7-4668-BE54-9A1E7A4F7556}") = "Yse.NET.Standard", "Yse.NET.Standard\Yse.NET.Standard.csproj", "{886D1256-4BC9-4F92-84C3-F2E72834EB7E}"
	ProjectSection(ProjectDependencies) = postProject
		{34922650-929A-49F5-8F4F-F1B03C31AB04} = {34922650-929A-49F5-8F4F-F1B03C31AB04}
	EndProjectSection
EndProject
Project("{FAE04EC0-301F-11D3-BF4B-00C04F79EFBC}") = "Demo.Windows.WPF", "Demo.Windows.WPF\Demo.Windows.WPF.csproj", "{0E172675-7D81-4D5C-A5EF-9FEB545C3B27}"
EndProject
Project("{9A19103F-16F7-4668-BE54-9A1E7A4F7556}") = "YSE.NET.PCL", "YSE.NET.PCL\YSE.NET.PCL.csproj", "{CBEC3DBC-6EF8-46F9-9BB6-450B89B403C8}"
EndProject
Project("{D954291E-2A0B-460D-934E-DC6B0785DB48}") = "PCLYSE", "PCLYSE\PCLYSE.shproj", "{995DF794-53E0-4880-9682-66BA3E942F9B}"
EndProject
Global
	GlobalSection(SharedMSBuildProjectFiles) = preSolution
		NetYse\NetYse.projitems*{030e9ed2-edae-417b-bbbc-30b29785653b}*SharedItemsImports = 13
		YseEngine\YseEngine.vcxitems*{151113af-31f8-41fd-8a93-82ac5b374b13}*SharedItemsImports = 9
		YseEngine\YseEngine.vcxitems*{65df5b1b-cfc7-4199-add3-5543d85e3226}*SharedItemsImports = 4
		PCLYSE\PCLYSE.projitems*{995df794-53e0-4880-9682-66ba3e942f9b}*SharedItemsImports = 13
	EndGlobalSection
	GlobalSection(SolutionConfigurationPlatforms) = preSolution
		Ad-Hoc|Any CPU = Ad-Hoc|Any CPU
		Ad-Hoc|ARM = Ad-Hoc|ARM
		Ad-Hoc|ARM64 = Ad-Hoc|ARM64
		Ad-Hoc|iPhone = Ad-Hoc|iPhone
		Ad-Hoc|iPhoneSimulator = Ad-Hoc|iPhoneSimulator
		Ad-Hoc|x64 = Ad-Hoc|x64
		Ad-Hoc|x86 = Ad-Hoc|x86
		AppStore|Any CPU = AppStore|Any CPU
		AppStore|ARM = AppStore|ARM
		AppStore|ARM64 = AppStore|ARM64
		AppStore|iPhone = AppStore|iPhone
		AppStore|iPhoneSimulator = AppStore|iPhoneSimulator
		AppStore|x64 = AppStore|x64
		AppStore|x86 = AppStore|x86
		Debug|Any CPU = Debug|Any CPU
		Debug|ARM = Debug|ARM
		Debug|ARM64 = Debug|ARM64
		Debug|iPhone = Debug|iPhone
		Debug|iPhoneSimulator = Debug|iPhoneSimulator
		Debug|x64 = Debug|x64
		Debug|x86 = Debug|x86
		Release|Any CPU = Release|Any CPU
		Release|ARM = Release|ARM
		Release|ARM64 = Release|ARM64
		Release|iPhone = Release|iPhone
		Release|iPhoneSimulator = Release|iPhoneSimulator
		Release|x64 = Release|x64
		Release|x86 = Release|x86
	EndGlobalSection
	GlobalSection(ProjectConfigurationPlatforms) = postSolution
		{65DF5B1B-CFC7-4199-ADD3-5543D85E3226}.Ad-Hoc|Any CPU.ActiveCfg = Release|x64
		{65DF5B1B-CFC7-4199-ADD3-5543D85E3226}.Ad-Hoc|ARM.ActiveCfg = Release|x64
		{65DF5B1B-CFC7-4199-ADD3-5543D85E3226}.Ad-Hoc|ARM64.ActiveCfg = Release|x64
		{65DF5B1B-CFC7-4199-ADD3-5543D85E3226}.Ad-Hoc|iPhone.ActiveCfg = Release|x64
		{65DF5B1B-CFC7-4199-ADD3-5543D85E3226}.Ad-Hoc|iPhoneSimulator.ActiveCfg = Release|x64
		{65DF5B1B-CFC7-4199-ADD3-5543D85E3226}.Ad-Hoc|x64.ActiveCfg = Release|x64
		{65DF5B1B-CFC7-4199-ADD3-5543D85E3226}.Ad-Hoc|x86.ActiveCfg = Release|Win32
		{65DF5B1B-CFC7-4199-ADD3-5543D85E3226}.AppStore|Any CPU.ActiveCfg = Release|x64
		{65DF5B1B-CFC7-4199-ADD3-5543D85E3226}.AppStore|ARM.ActiveCfg = Release|x64
		{65DF5B1B-CFC7-4199-ADD3-5543D85E3226}.AppStore|ARM64.ActiveCfg = Release|x64
		{65DF5B1B-CFC7-4199-ADD3-5543D85E3226}.AppStore|iPhone.ActiveCfg = Release|x64
		{65DF5B1B-CFC7-4199-ADD3-5543D85E3226}.AppStore|iPhoneSimulator.ActiveCfg = Release|x64
		{65DF5B1B-CFC7-4199-ADD3-5543D85E3226}.AppStore|x64.ActiveCfg = Release|x64
		{65DF5B1B-CFC7-4199-ADD3-5543D85E3226}.AppStore|x86.ActiveCfg = Release|Win32
		{65DF5B1B-CFC7-4199-ADD3-5543D85E3226}.Debug|Any CPU.ActiveCfg = Debug|Win32
		{65DF5B1B-CFC7-4199-ADD3-5543D85E3226}.Debug|Any CPU.Build.0 = Debug|Win32
		{65DF5B1B-CFC7-4199-ADD3-5543D85E3226}.Debug|ARM.ActiveCfg = Debug|Win32
		{65DF5B1B-CFC7-4199-ADD3-5543D85E3226}.Debug|ARM64.ActiveCfg = Debug|Win32
		{65DF5B1B-CFC7-4199-ADD3-5543D85E3226}.Debug|iPhone.ActiveCfg = Debug|Win32
		{65DF5B1B-CFC7-4199-ADD3-5543D85E3226}.Debug|iPhoneSimulator.ActiveCfg = Debug|Win32
		{65DF5B1B-CFC7-4199-ADD3-5543D85E3226}.Debug|x64.ActiveCfg = Debug|x64
		{65DF5B1B-CFC7-4199-ADD3-5543D85E3226}.Debug|x64.Build.0 = Debug|x64
		{65DF5B1B-CFC7-4199-ADD3-5543D85E3226}.Debug|x86.ActiveCfg = Debug|Win32
		{65DF5B1B-CFC7-4199-ADD3-5543D85E3226}.Debug|x86.Build.0 = Debug|Win32
		{65DF5B1B-CFC7-4199-ADD3-5543D85E3226}.Release|Any CPU.ActiveCfg = Release|Win32
		{65DF5B1B-CFC7-4199-ADD3-5543D85E3226}.Release|ARM.ActiveCfg = Release|Win32
		{65DF5B1B-CFC7-4199-ADD3-5543D85E3226}.Release|ARM64.ActiveCfg = Release|Win32
		{65DF5B1B-CFC7-4199-ADD3-5543D85E3226}.Release|iPhone.ActiveCfg = Release|Win32
		{65DF5B1B-CFC7-4199-ADD3-5543D85E3226}.Release|iPhoneSimulator.ActiveCfg = Release|Win32
		{65DF5B1B-CFC7-4199-ADD3-5543D85E3226}.Release|x64.ActiveCfg = Release|x64
		{65DF5B1B-CFC7-4199-ADD3-5543D85E3226}.Release|x64.Build.0 = Release|x64
		{65DF5B1B-CFC7-4199-ADD3-5543D85E3226}.Release|x86.ActiveCfg = Release|Win32
		{65DF5B1B-CFC7-4199-ADD3-5543D85E3226}.Release|x86.Build.0 = Release|Win32
		{982EB9F0-84E1-4202-B922-CE19798BB485}.Ad-Hoc|Any CPU.ActiveCfg = Release|Win32
		{982EB9F0-84E1-4202-B922-CE19798BB485}.Ad-Hoc|Any CPU.Build.0 = Release|Win32
		{982EB9F0-84E1-4202-B922-CE19798BB485}.Ad-Hoc|Any CPU.Deploy.0 = Release|Win32
		{982EB9F0-84E1-4202-B922-CE19798BB485}.Ad-Hoc|ARM.ActiveCfg = Release|Win32
		{982EB9F0-84E1-4202-B922-CE19798BB485}.Ad-Hoc|ARM.Build.0 = Release|Win32
		{982EB9F0-84E1-4202-B922-CE19798BB485}.Ad-Hoc|ARM.Deploy.0 = Release|Win32
		{982EB9F0-84E1-4202-B922-CE19798BB485}.Ad-Hoc|ARM64.ActiveCfg = Release|Win32
		{982EB9F0-84E1-4202-B922-CE19798BB485}.Ad-Hoc|ARM64.Build.0 = Release|Win32
		{982EB9F0-84E1-4202-B922-CE19798BB485}.Ad-Hoc|ARM64.Deploy.0 = Release|Win32
		{982EB9F0-84E1-4202-B922-CE19798BB485}.Ad-Hoc|iPhone.ActiveCfg = Release|Win32
		{982EB9F0-84E1-4202-B922-CE19798BB485}.Ad-Hoc|iPhone.Build.0 = Release|Win32
		{982EB9F0-84E1-4202-B922-CE19798BB485}.Ad-Hoc|iPhone.Deploy.0 = Release|Win32
		{982EB9F0-84E1-4202-B922-CE19798BB485}.Ad-Hoc|iPhoneSimulator.ActiveCfg = Release|Win32
		{982EB9F0-84E1-4202-B922-CE19798BB485}.Ad-Hoc|iPhoneSimulator.Build.0 = Release|Win32
		{982EB9F0-84E1-4202-B922-CE19798BB485}.Ad-Hoc|iPhoneSimulator.Deploy.0 = Release|Win32
		{982EB9F0-84E1-4202-B922-CE19798BB485}.Ad-Hoc|x64.ActiveCfg = Release|x64
		{982EB9F0-84E1-4202-B922-CE19798BB485}.Ad-Hoc|x64.Build.0 = Release|x64
		{982EB9F0-84E1-4202-B922-CE19798BB485}.Ad-Hoc|x64.Deploy.0 = Release|x64
		{982EB9F0-84E1-4202-B922-CE19798BB485}.Ad-Hoc|x86.ActiveCfg = Release|Win32
		{982EB9F0-84E1-4202-B922-CE19798BB485}.Ad-Hoc|x86.Build.0 = Release|Win32
		{982EB9F0-84E1-4202-B922-CE19798BB485}.Ad-Hoc|x86.Deploy.0 = Release|Win32
		{982EB9F0-84E1-4202-B922-CE19798BB485}.AppStore|Any CPU.ActiveCfg = Release|Win32
		{982EB9F0-84E1-4202-B922-CE19798BB485}.AppStore|Any CPU.Build.0 = Release|Win32
		{982EB9F0-84E1-4202-B922-CE19798BB485}.AppStore|Any CPU.Deploy.0 = Release|Win32
		{982EB9F0-84E1-4202-B922-CE19798BB485}.AppStore|ARM.ActiveCfg = Release|Win32
		{982EB9F0-84E1-4202-B922-CE19798BB485}.AppStore|ARM.Build.0 = Release|Win32
		{982EB9F0-84E1-4202-B922-CE19798BB485}.AppStore|ARM.Deploy.0 = Release|Win32
		{982EB9F0-84E1-4202-B922-CE19798BB485}.AppStore|ARM64.ActiveCfg = Release|Win32
		{982EB9F0-84E1-4202-B922-CE19798BB485}.AppStore|ARM64.Build.0 = Release|Win32
		{982EB9F0-84E1-4202-B922-CE19798BB485}.AppStore|ARM64.Deploy.0 = Release|Win32
		{982EB9F0-84E1-4202-B922-CE19798BB485}.AppStore|iPhone.ActiveCfg = Release|Win32
		{982EB9F0-84E1-4202-B922-CE19798BB485}.AppStore|iPhone.Build.0 = Release|Win32
		{982EB9F0-84E1-4202-B922-CE19798BB485}.AppStore|iPhone.Deploy.0 = Release|Win32
		{982EB9F0-84E1-4202-B922-CE19798BB485}.AppStore|iPhoneSimulator.ActiveCfg = Release|Win32
		{982EB9F0-84E1-4202-B922-CE19798BB485}.AppStore|iPhoneSimulator.Build.0 = Release|Win32
		{982EB9F0-84E1-4202-B922-CE19798BB485}.AppStore|iPhoneSimulator.Deploy.0 = Release|Win32
		{982EB9F0-84E1-4202-B922-CE19798BB485}.AppStore|x64.ActiveCfg = Release|x64
		{982EB9F0-84E1-4202-B922-CE19798BB485}.AppStore|x64.Build.0 = Release|x64
		{982EB9F0-84E1-4202-B922-CE19798BB485}.AppStore|x64.Deploy.0 = Release|x64
		{982EB9F0-84E1-4202-B922-CE19798BB485}.AppStore|x86.ActiveCfg = Release|Win32
		{982EB9F0-84E1-4202-B922-CE19798BB485}.AppStore|x86.Build.0 = Release|Win32
		{982EB9F0-84E1-4202-B922-CE19798BB485}.AppStore|x86.Deploy.0 = Release|Win32
		{982EB9F0-84E1-4202-B922-CE19798BB485}.Debug|Any CPU.ActiveCfg = Debug|Win32
		{982EB9F0-84E1-4202-B922-CE19798BB485}.Debug|Any CPU.Build.0 = Debug|Win32
		{982EB9F0-84E1-4202-B922-CE19798BB485}.Debug|ARM.ActiveCfg = Debug|Win32
		{982EB9F0-84E1-4202-B922-CE19798BB485}.Debug|ARM64.ActiveCfg = Debug|Win32
		{982EB9F0-84E1-4202-B922-CE19798BB485}.Debug|iPhone.ActiveCfg = Debug|Win32
		{982EB9F0-84E1-4202-B922-CE19798BB485}.Debug|iPhoneSimulator.ActiveCfg = Debug|Win32
		{982EB9F0-84E1-4202-B922-CE19798BB485}.Debug|x64.ActiveCfg = Debug|Win32
		{982EB9F0-84E1-4202-B922-CE19798BB485}.Debug|x64.Build.0 = Debug|x64
		{982EB9F0-84E1-4202-B922-CE19798BB485}.Debug|x86.ActiveCfg = Debug|Win32
		{982EB9F0-84E1-4202-B922-CE19798BB485}.Debug|x86.Build.0 = Debug|Win32
		{982EB9F0-84E1-4202-B922-CE19798BB485}.Release|Any CPU.ActiveCfg = Release|Win32
		{982EB9F0-84E1-4202-B922-CE19798BB485}.Release|Any CPU.Build.0 = Release|Win32
		{982EB9F0-84E1-4202-B922-CE19798BB485}.Release|ARM.ActiveCfg = Debug|Win32
		{982EB9F0-84E1-4202-B922-CE19798BB485}.Release|ARM64.ActiveCfg = Debug|Win32
		{982EB9F0-84E1-4202-B922-CE19798BB485}.Release|iPhone.ActiveCfg = Release|Win32
		{982EB9F0-84E1-4202-B922-CE19798BB485}.Release|iPhoneSimulator.ActiveCfg = Release|Win32
		{982EB9F0-84E1-4202-B922-CE19798BB485}.Release|x64.ActiveCfg = Debug|Win32
		{982EB9F0-84E1-4202-B922-CE19798BB485}.Release|x64.Build.0 = Release|x64
		{982EB9F0-84E1-4202-B922-CE19798BB485}.Release|x86.ActiveCfg = Debug|Win32
		{34922650-929A-49F5-8F4F-F1B03C31AB04}.Ad-Hoc|Any CPU.ActiveCfg = Release|Win32
		{34922650-929A-49F5-8F4F-F1B03C31AB04}.Ad-Hoc|Any CPU.Build.0 = Release|Win32
		{34922650-929A-49F5-8F4F-F1B03C31AB04}.Ad-Hoc|Any CPU.Deploy.0 = Release|Win32
		{34922650-929A-49F5-8F4F-F1B03C31AB04}.Ad-Hoc|ARM.ActiveCfg = Release|Win32
		{34922650-929A-49F5-8F4F-F1B03C31AB04}.Ad-Hoc|ARM.Build.0 = Release|Win32
		{34922650-929A-49F5-8F4F-F1B03C31AB04}.Ad-Hoc|ARM.Deploy.0 = Release|Win32
		{34922650-929A-49F5-8F4F-F1B03C31AB04}.Ad-Hoc|ARM64.ActiveCfg = Release|Win32
		{34922650-929A-49F5-8F4F-F1B03C31AB04}.Ad-Hoc|ARM64.Build.0 = Release|Win32
		{34922650-929A-49F5-8F4F-F1B03C31AB04}.Ad-Hoc|ARM64.Deploy.0 = Release|Win32
		{34922650-929A-49F5-8F4F-F1B03C31AB04}.Ad-Hoc|iPhone.ActiveCfg = Release|Win32
		{34922650-929A-49F5-8F4F-F1B03C31AB04}.Ad-Hoc|iPhone.Build.0 = Release|Win32
		{34922650-929A-49F5-8F4F-F1B03C31AB04}.Ad-Hoc|iPhone.Deploy.0 = Release|Win32
		{34922650-929A-49F5-8F4F-F1B03C31AB04}.Ad-Hoc|iPhoneSimulator.ActiveCfg = Release|Win32
		{34922650-929A-49F5-8F4F-F1B03C31AB04}.Ad-Hoc|iPhoneSimulator.Build.0 = Release|Win32
		{34922650-929A-49F5-8F4F-F1B03C31AB04}.Ad-Hoc|iPhoneSimulator.Deploy.0 = Release|Win32
		{34922650-929A-49F5-8F4F-F1B03C31AB04}.Ad-Hoc|x64.ActiveCfg = Release|x64
		{34922650-929A-49F5-8F4F-F1B03C31AB04}.Ad-Hoc|x64.Build.0 = Release|x64
		{34922650-929A-49F5-8F4F-F1B03C31AB04}.Ad-Hoc|x64.Deploy.0 = Release|x64
		{34922650-929A-49F5-8F4F-F1B03C31AB04}.Ad-Hoc|x86.ActiveCfg = Release|Win32
		{34922650-929A-49F5-8F4F-F1B03C31AB04}.Ad-Hoc|x86.Build.0 = Release|Win32
		{34922650-929A-49F5-8F4F-F1B03C31AB04}.Ad-Hoc|x86.Deploy.0 = Release|Win32
		{34922650-929A-49F5-8F4F-F1B03C31AB04}.AppStore|Any CPU.ActiveCfg = Release|Win32
		{34922650-929A-49F5-8F4F-F1B03C31AB04}.AppStore|Any CPU.Build.0 = Release|Win32
		{34922650-929A-49F5-8F4F-F1B03C31AB04}.AppStore|Any CPU.Deploy.0 = Release|Win32
		{34922650-929A-49F5-8F4F-F1B03C31AB04}.AppStore|ARM.ActiveCfg = Release|Win32
		{34922650-929A-49F5-8F4F-F1B03C31AB04}.AppStore|ARM.Build.0 = Release|Win32
		{34922650-929A-49F5-8F4F-F1B03C31AB04}.AppStore|ARM.Deploy.0 = Release|Win32
		{34922650-929A-49F5-8F4F-F1B03C31AB04}.AppStore|ARM64.ActiveCfg = Release|Win32
		{34922650-929A-49F5-8F4F-F1B03C31AB04}.AppStore|ARM64.Build.0 = Release|Win32
		{34922650-929A-49F5-8F4F-F1B03C31AB04}.AppStore|ARM64.Deploy.0 = Release|Win32
		{34922650-929A-49F5-8F4F-F1B03C31AB04}.AppStore|iPhone.ActiveCfg = Release|Win32
		{34922650-929A-49F5-8F4F-F1B03C31AB04}.AppStore|iPhone.Build.0 = Release|Win32
		{34922650-929A-49F5-8F4F-F1B03C31AB04}.AppStore|iPhone.Deploy.0 = Release|Win32
		{34922650-929A-49F5-8F4F-F1B03C31AB04}.AppStore|iPhoneSimulator.ActiveCfg = Release|Win32
		{34922650-929A-49F5-8F4F-F1B03C31AB04}.AppStore|iPhoneSimulator.Build.0 = Release|Win32
		{34922650-929A-49F5-8F4F-F1B03C31AB04}.AppStore|iPhoneSimulator.Deploy.0 = Release|Win32
		{34922650-929A-49F5-8F4F-F1B03C31AB04}.AppStore|x64.ActiveCfg = Release|x64
		{34922650-929A-49F5-8F4F-F1B03C31AB04}.AppStore|x64.Build.0 = Release|x64
		{34922650-929A-49F5-8F4F-F1B03C31AB04}.AppStore|x64.Deploy.0 = Release|x64
		{34922650-929A-49F5-8F4F-F1B03C31AB04}.AppStore|x86.ActiveCfg = Release|Win32
		{34922650-929A-49F5-8F4F-F1B03C31AB04}.AppStore|x86.Build.0 = Release|Win32
		{34922650-929A-49F5-8F4F-F1B03C31AB04}.AppStore|x86.Deploy.0 = Release|Win32
		{34922650-929A-49F5-8F4F-F1B03C31AB04}.Debug|Any CPU.ActiveCfg = Debug|Win32
		{34922650-929A-49F5-8F4F-F1B03C31AB04}.Debug|ARM.ActiveCfg = Debug|Win32
		{34922650-929A-49F5-8F4F-F1B03C31AB04}.Debug|ARM64.ActiveCfg = Debug|Win32
		{34922650-929A-49F5-8F4F-F1B03C31AB04}.Debug|iPhone.ActiveCfg = Debug|Win32
		{34922650-929A-49F5-8F4F-F1B03C31AB04}.Debug|iPhoneSimulator.ActiveCfg = Debug|Win32
		{34922650-929A-49F5-8F4F-F1B03C31AB04}.Debug|x64.ActiveCfg = Debug|Win32
		{34922650-929A-49F5-8F4F-F1B03C31AB04}.Debug|x64.Build.0 = Debug|x64
		{34922650-929A-49F5-8F4F-F1B03C31AB04}.Debug|x86.ActiveCfg = Debug|Win32
		{34922650-929A-49F5-8F4F-F1B03C31AB04}.Debug|x86.Build.0 = Debug|Win32
		{34922650-929A-49F5-8F4F-F1B03C31AB04}.Release|Any CPU.ActiveCfg = Debug|Win32
		{34922650-929A-49F5-8F4F-F1B03C31AB04}.Release|ARM.ActiveCfg = Debug|Win32
		{34922650-929A-49F5-8F4F-F1B03C31AB04}.Release|ARM64.ActiveCfg = Debug|Win32
		{34922650-929A-49F5-8F4F-F1B03C31AB04}.Release|iPhone.ActiveCfg = Release|Win32
		{34922650-929A-49F5-8F4F-F1B03C31AB04}.Release|iPhoneSimulator.ActiveCfg = Release|Win32
		{34922650-929A-49F5-8F4F-F1B03C31AB04}.Release|x64.ActiveCfg = Debug|Win32
		{34922650-929A-49F5-8F4F-F1B03C31AB04}.Release|x64.Build.0 = Release|x64
		{34922650-929A-49F5-8F4F-F1B03C31AB04}.Release|x86.ActiveCfg = Debug|Win32
		{886D1256-4BC9-4F92-84C3-F2E72834EB7E}.Ad-Hoc|Any CPU.ActiveCfg = Release|Any CPU
		{886D1256-4BC9-4F92-84C3-F2E72834EB7E}.Ad-Hoc|Any CPU.Build.0 = Release|Any CPU
		{886D1256-4BC9-4F92-84C3-F2E72834EB7E}.Ad-Hoc|ARM.ActiveCfg = Release|Any CPU
		{886D1256-4BC9-4F92-84C3-F2E72834EB7E}.Ad-Hoc|ARM.Build.0 = Release|Any CPU
		{886D1256-4BC9-4F92-84C3-F2E72834EB7E}.Ad-Hoc|ARM64.ActiveCfg = Release|Any CPU
		{886D1256-4BC9-4F92-84C3-F2E72834EB7E}.Ad-Hoc|ARM64.Build.0 = Release|Any CPU
		{886D1256-4BC9-4F92-84C3-F2E72834EB7E}.Ad-Hoc|iPhone.ActiveCfg = Release|Any CPU
		{886D1256-4BC9-4F92-84C3-F2E72834EB7E}.Ad-Hoc|iPhone.Build.0 = Release|Any CPU
		{886D1256-4BC9-4F92-84C3-F2E72834EB7E}.Ad-Hoc|iPhoneSimulator.ActiveCfg = Release|Any CPU
		{886D1256-4BC9-4F92-84C3-F2E72834EB7E}.Ad-Hoc|iPhoneSimulator.Build.0 = Release|Any CPU
		{886D1256-4BC9-4F92-84C3-F2E72834EB7E}.Ad-Hoc|x64.ActiveCfg = Release|Any CPU
		{886D1256-4BC9-4F92-84C3-F2E72834EB7E}.Ad-Hoc|x64.Build.0 = Release|Any CPU
		{886D1256-4BC9-4F92-84C3-F2E72834EB7E}.Ad-Hoc|x86.ActiveCfg = Release|Any CPU
		{886D1256-4BC9-4F92-84C3-F2E72834EB7E}.Ad-Hoc|x86.Build.0 = Release|Any CPU
		{886D1256-4BC9-4F92-84C3-F2E72834EB7E}.AppStore|Any CPU.ActiveCfg = Release|Any CPU
		{886D1256-4BC9-4F92-84C3-F2E72834EB7E}.AppStore|Any CPU.Build.0 = Release|Any CPU
		{886D1256-4BC9-4F92-84C3-F2E72834EB7E}.AppStore|ARM.ActiveCfg = Release|Any CPU
		{886D1256-4BC9-4F92-84C3-F2E72834EB7E}.AppStore|ARM.Build.0 = Release|Any CPU
		{886D1256-4BC9-4F92-84C3-F2E72834EB7E}.AppStore|ARM64.ActiveCfg = Release|Any CPU
		{886D1256-4BC9-4F92-84C3-F2E72834EB7E}.AppStore|ARM64.Build.0 = Release|Any CPU
		{886D1256-4BC9-4F92-84C3-F2E72834EB7E}.AppStore|iPhone.ActiveCfg = Release|Any CPU
		{886D1256-4BC9-4F92-84C3-F2E72834EB7E}.AppStore|iPhone.Build.0 = Release|Any CPU
		{886D1256-4BC9-4F92-84C3-F2E72834EB7E}.AppStore|iPhoneSimulator.ActiveCfg = Release|Any CPU
		{886D1256-4BC9-4F92-84C3-F2E72834EB7E}.AppStore|iPhoneSimulator.Build.0 = Release|Any CPU
		{886D1256-4BC9-4F92-84C3-F2E72834EB7E}.AppStore|x64.ActiveCfg = Release|Any CPU
		{886D1256-4BC9-4F92-84C3-F2E72834EB7E}.AppStore|x64.Build.0 = Release|Any CPU
		{886D1256-4BC9-4F92-84C3-F2E72834EB7E}.AppStore|x86.ActiveCfg = Release|Any CPU
		{886D1256-4BC9-4F92-84C3-F2E72834EB7E}.AppStore|x86.Build.0 = Release|Any CPU
		{886D1256-4BC9-4F92-84C3-F2E72834EB7E}.Debug|Any CPU.ActiveCfg = Debug|Any CPU
		{886D1256-4BC9-4F92-84C3-F2E72834EB7E}.Debug|Any CPU.Build.0 = Debug|Any CPU
		{886D1256-4BC9-4F92-84C3-F2E72834EB7E}.Debug|ARM.ActiveCfg = Debug|Any CPU
		{886D1256-4BC9-4F92-84C3-F2E72834EB7E}.Debug|ARM.Build.0 = Debug|Any CPU
		{886D1256-4BC9-4F92-84C3-F2E72834EB7E}.Debug|ARM64.ActiveCfg = Debug|Any CPU
		{886D1256-4BC9-4F92-84C3-F2E72834EB7E}.Debug|ARM64.Build.0 = Debug|Any CPU
		{886D1256-4BC9-4F92-84C3-F2E72834EB7E}.Debug|iPhone.ActiveCfg = Debug|Any CPU
		{886D1256-4BC9-4F92-84C3-F2E72834EB7E}.Debug|iPhone.Build.0 = Debug|Any CPU
		{886D1256-4BC9-4F92-84C3-F2E72834EB7E}.Debug|iPhoneSimulator.ActiveCfg = Debug|Any CPU
		{886D1256-4BC9-4F92-84C3-F2E72834EB7E}.Debug|iPhoneSimulator.Build.0 = Debug|Any CPU
		{886D1256-4BC9-4F92-84C3-F2E72834EB7E}.Debug|x64.ActiveCfg = Debug|Any CPU
		{886D1256-4BC9-4F92-84C3-F2E72834EB7E}.Debug|x64.Build.0 = Debug|Any CPU
		{886D1256-4BC9-4F92-84C3-F2E72834EB7E}.Debug|x86.ActiveCfg = Debug|Any CPU
		{886D1256-4BC9-4F92-84C3-F2E72834EB7E}.Debug|x86.Build.0 = Debug|Any CPU
		{886D1256-4BC9-4F92-84C3-F2E72834EB7E}.Release|Any CPU.ActiveCfg = Release|Any CPU
		{886D1256-4BC9-4F92-84C3-F2E72834EB7E}.Release|Any CPU.Build.0 = Release|Any CPU
		{886D1256-4BC9-4F92-84C3-F2E72834EB7E}.Release|ARM.ActiveCfg = Debug|Any CPU
		{886D1256-4BC9-4F92-84C3-F2E72834EB7E}.Release|ARM.Build.0 = Debug|Any CPU
		{886D1256-4BC9-4F92-84C3-F2E72834EB7E}.Release|ARM64.ActiveCfg = Debug|Any CPU
		{886D1256-4BC9-4F92-84C3-F2E72834EB7E}.Release|ARM64.Build.0 = Debug|Any CPU
		{886D1256-4BC9-4F92-84C3-F2E72834EB7E}.Release|iPhone.ActiveCfg = Release|Any CPU
		{886D1256-4BC9-4F92-84C3-F2E72834EB7E}.Release|iPhone.Build.0 = Release|Any CPU
		{886D1256-4BC9-4F92-84C3-F2E72834EB7E}.Release|iPhoneSimulator.ActiveCfg = Release|Any CPU
		{886D1256-4BC9-4F92-84C3-F2E72834EB7E}.Release|iPhoneSimulator.Build.0 = Release|Any CPU
		{886D1256-4BC9-4F92-84C3-F2E72834EB7E}.Release|x64.ActiveCfg = Debug|Any CPU
		{886D1256-4BC9-4F92-84C3-F2E72834EB7E}.Release|x64.Build.0 = Debug|Any CPU
		{886D1256-4BC9-4F92-84C3-F2E72834EB7E}.Release|x86.ActiveCfg = Release|Any CPU
		{886D1256-4BC9-4F92-84C3-F2E72834EB7E}.Release|x86.Build.0 = Release|Any CPU
		{0E172675-7D81-4D5C-A5EF-9FEB545C3B27}.Ad-Hoc|Any CPU.ActiveCfg = Release|Any CPU
		{0E172675-7D81-4D5C-A5EF-9FEB545C3B27}.Ad-Hoc|Any CPU.Build.0 = Release|Any CPU
		{0E172675-7D81-4D5C-A5EF-9FEB545C3B27}.Ad-Hoc|ARM.ActiveCfg = Release|Any CPU
		{0E172675-7D81-4D5C-A5EF-9FEB545C3B27}.Ad-Hoc|ARM.Build.0 = Release|Any CPU
		{0E172675-7D81-4D5C-A5EF-9FEB545C3B27}.Ad-Hoc|ARM64.ActiveCfg = Release|Any CPU
		{0E172675-7D81-4D5C-A5EF-9FEB545C3B27}.Ad-Hoc|ARM64.Build.0 = Release|Any CPU
		{0E172675-7D81-4D5C-A5EF-9FEB545C3B27}.Ad-Hoc|iPhone.ActiveCfg = Release|Any CPU
		{0E172675-7D81-4D5C-A5EF-9FEB545C3B27}.Ad-Hoc|iPhone.Build.0 = Release|Any CPU
		{0E172675-7D81-4D5C-A5EF-9FEB545C3B27}.Ad-Hoc|iPhoneSimulator.ActiveCfg = Release|Any CPU
		{0E172675-7D81-4D5C-A5EF-9FEB545C3B27}.Ad-Hoc|iPhoneSimulator.Build.0 = Release|Any CPU
		{0E172675-7D81-4D5C-A5EF-9FEB545C3B27}.Ad-Hoc|x64.ActiveCfg = Release|Any CPU
		{0E172675-7D81-4D5C-A5EF-9FEB545C3B27}.Ad-Hoc|x64.Build.0 = Release|Any CPU
		{0E172675-7D81-4D5C-A5EF-9FEB545C3B27}.Ad-Hoc|x86.ActiveCfg = Release|Any CPU
		{0E172675-7D81-4D5C-A5EF-9FEB545C3B27}.Ad-Hoc|x86.Build.0 = Release|Any CPU
		{0E172675-7D81-4D5C-A5EF-9FEB545C3B27}.AppStore|Any CPU.ActiveCfg = Release|Any CPU
		{0E172675-7D81-4D5C-A5EF-9FEB545C3B27}.AppStore|Any CPU.Build.0 = Release|Any CPU
		{0E172675-7D81-4D5C-A5EF-9FEB545C3B27}.AppStore|ARM.ActiveCfg = Release|Any CPU
		{0E172675-7D81-4D5C-A5EF-9FEB545C3B27}.AppStore|ARM.Build.0 = Release|Any CPU
		{0E172675-7D81-4D5C-A5EF-9FEB545C3B27}.AppStore|ARM64.ActiveCfg = Release|Any CPU
		{0E172675-7D81-4D5C-A5EF-9FEB545C3B27}.AppStore|ARM64.Build.0 = Release|Any CPU
		{0E172675-7D81-4D5C-A5EF-9FEB545C3B27}.AppStore|iPhone.ActiveCfg = Release|Any CPU
		{0E172675-7D81-4D5C-A5EF-9FEB545C3B27}.AppStore|iPhone.Build.0 = Release|Any CPU
		{0E172675-7D81-4D5C-A5EF-9FEB545C3B27}.AppStore|iPhoneSimulator.ActiveCfg = Release|Any CPU
		{0E172675-7D81-4D5C-A5EF-9FEB545C3B27}.AppStore|iPhoneSimulator.Build.0 = Release|Any CPU
		{0E172675-7D81-4D5C-A5EF-9FEB545C3B27}.AppStore|x64.ActiveCfg = Release|Any CPU
		{0E172675-7D81-4D5C-A5EF-9FEB545C3B27}.AppStore|x64.Build.0 = Release|Any CPU
		{0E172675-7D81-4D5C-A5EF-9FEB545C3B27}.AppStore|x86.ActiveCfg = Release|Any CPU
		{0E172675-7D81-4D5C-A5EF-9FEB545C3B27}.AppStore|x86.Build.0 = Release|Any CPU
		{0E172675-7D81-4D5C-A5EF-9FEB545C3B27}.Debug|Any CPU.ActiveCfg = Debug|Any CPU
		{0E172675-7D81-4D5C-A5EF-9FEB545C3B27}.Debug|Any CPU.Build.0 = Debug|Any CPU
		{0E172675-7D81-4D5C-A5EF-9FEB545C3B27}.Debug|ARM.ActiveCfg = Debug|Any CPU
		{0E172675-7D81-4D5C-A5EF-9FEB545C3B27}.Debug|ARM.Build.0 = Debug|Any CPU
		{0E172675-7D81-4D5C-A5EF-9FEB545C3B27}.Debug|ARM64.ActiveCfg = Debug|Any CPU
		{0E172675-7D81-4D5C-A5EF-9FEB545C3B27}.Debug|ARM64.Build.0 = Debug|Any CPU
		{0E172675-7D81-4D5C-A5EF-9FEB545C3B27}.Debug|iPhone.ActiveCfg = Debug|Any CPU
		{0E172675-7D81-4D5C-A5EF-9FEB545C3B27}.Debug|iPhone.Build.0 = Debug|Any CPU
		{0E172675-7D81-4D5C-A5EF-9FEB545C3B27}.Debug|iPhoneSimulator.ActiveCfg = Debug|Any CPU
		{0E172675-7D81-4D5C-A5EF-9FEB545C3B27}.Debug|iPhoneSimulator.Build.0 = Debug|Any CPU
		{0E172675-7D81-4D5C-A5EF-9FEB545C3B27}.Debug|x64.ActiveCfg = Debug|Any CPU
		{0E172675-7D81-4D5C-A5EF-9FEB545C3B27}.Debug|x64.Build.0 = Debug|Any CPU
		{0E172675-7D81-4D5C-A5EF-9FEB545C3B27}.Debug|x86.ActiveCfg = Debug|Any CPU
		{0E172675-7D81-4D5C-A5EF-9FEB545C3B27}.Debug|x86.Build.0 = Debug|Any CPU
		{0E172675-7D81-4D5C-A5EF-9FEB545C3B27}.Release|Any CPU.ActiveCfg = Release|Any CPU
		{0E172675-7D81-4D5C-A5EF-9FEB545C3B27}.Release|Any CPU.Build.0 = Release|Any CPU
		{0E172675-7D81-4D5C-A5EF-9FEB545C3B27}.Release|ARM.ActiveCfg = Debug|Any CPU
		{0E172675-7D81-4D5C-A5EF-9FEB545C3B27}.Release|ARM.Build.0 = Debug|Any CPU
		{0E172675-7D81-4D5C-A5EF-9FEB545C3B27}.Release|ARM64.ActiveCfg = Debug|Any CPU
		{0E172675-7D81-4D5C-A5EF-9FEB545C3B27}.Release|ARM64.Build.0 = Debug|Any CPU
		{0E172675-7D81-4D5C-A5EF-9FEB545C3B27}.Release|iPhone.ActiveCfg = Release|Any CPU
		{0E172675-7D81-4D5C-A5EF-9FEB545C3B27}.Release|iPhone.Build.0 = Release|Any CPU
		{0E172675-7D81-4D5C-A5EF-9FEB545C3B27}.Release|iPhoneSimulator.ActiveCfg = Release|Any CPU
		{0E172675-7D81-4D5C-A5EF-9FEB545C3B27}.Release|iPhoneSimulator.Build.0 = Release|Any CPU
		{0E172675-7D81-4D5C-A5EF-9FEB545C3B27}.Release|x64.ActiveCfg = Debug|Any CPU
		{0E172675-7D81-4D5C-A5EF-9FEB545C3B27}.Release|x64.Build.0 = Debug|Any CPU
		{0E172675-7D81-4D5C-A5EF-9FEB545C3B27}.Release|x86.ActiveCfg = Debug|Any CPU
		{0E172675-7D81-4D5C-A5EF-9FEB545C3B27}.Release|x86.Build.0 = Debug|Any CPU
		{CBEC3DBC-6EF8-46F9-9BB6-450B89B403C8}.Ad-Hoc|Any CPU.ActiveCfg = Release|Any CPU
		{CBEC3DBC-6EF8-46F9-9BB6-450B89B403C8}.Ad-Hoc|Any CPU.Build.0 = Release|Any CPU
		{CBEC3DBC-6EF8-46F9-9BB6-450B89B403C8}.Ad-Hoc|ARM.ActiveCfg = Release|Any CPU
		{CBEC3DBC-6EF8-46F9-9BB6-450B89B403C8}.Ad-Hoc|ARM.Build.0 = Release|Any CPU
		{CBEC3DBC-6EF8-46F9-9BB6-450B89B403C8}.Ad-Hoc|ARM64.ActiveCfg = Release|Any CPU
		{CBEC3DBC-6EF8-46F9-9BB6-450B89B403C8}.Ad-Hoc|ARM64.Build.0 = Release|Any CPU
		{CBEC3DBC-6EF8-46F9-9BB6-450B89B403C8}.Ad-Hoc|iPhone.ActiveCfg = Release|Any CPU
		{CBEC3DBC-6EF8-46F9-9BB6-450B89B403C8}.Ad-Hoc|iPhone.Build.0 = Release|Any CPU
		{CBEC3DBC-6EF8-46F9-9BB6-450B89B403C8}.Ad-Hoc|iPhoneSimulator.ActiveCfg = Release|Any CPU
		{CBEC3DBC-6EF8-46F9-9BB6-450B89B403C8}.Ad-Hoc|iPhoneSimulator.Build.0 = Release|Any CPU
		{CBEC3DBC-6EF8-46F9-9BB6-450B89B403C8}.Ad-Hoc|x64.ActiveCfg = Release|Any CPU
		{CBEC3DBC-6EF8-46F9-9BB6-450B89B403C8}.Ad-Hoc|x64.Build.0 = Release|Any CPU
		{CBEC3DBC-6EF8-46F9-9BB6-450B89B403C8}.Ad-Hoc|x86.ActiveCfg = Release|Any CPU
		{CBEC3DBC-6EF8-46F9-9BB6-450B89B403C8}.Ad-Hoc|x86.Build.0 = Release|Any CPU
		{CBEC3DBC-6EF8-46F9-9BB6-450B89B403C8}.AppStore|Any CPU.ActiveCfg = Release|Any CPU
		{CBEC3DBC-6EF8-46F9-9BB6-450B89B403C8}.AppStore|Any CPU.Build.0 = Release|Any CPU
		{CBEC3DBC-6EF8-46F9-9BB6-450B89B403C8}.AppStore|ARM.ActiveCfg = Release|Any CPU
		{CBEC3DBC-6EF8-46F9-9BB6-450B89B403C8}.AppStore|ARM.Build.0 = Release|Any CPU
		{CBEC3DBC-6EF8-46F9-9BB6-450B89B403C8}.AppStore|ARM64.ActiveCfg = Release|Any CPU
		{CBEC3DBC-6EF8-46F9-9BB6-450B89B403C8}.AppStore|ARM64.Build.0 = Release|Any CPU
		{CBEC3DBC-6EF8-46F9-9BB6-450B89B403C8}.AppStore|iPhone.ActiveCfg = Release|Any CPU
		{CBEC3DBC-6EF8-46F9-9BB6-450B89B403C8}.AppStore|iPhone.Build.0 = Release|Any CPU
		{CBEC3DBC-6EF8-46F9-9BB6-450B89B403C8}.AppStore|iPhoneSimulator.ActiveCfg = Release|Any CPU
		{CBEC3DBC-6EF8-46F9-9BB6-450B89B403C8}.AppStore|iPhoneSimulator.Build.0 = Release|Any CPU
		{CBEC3DBC-6EF8-46F9-9BB6-450B89B403C8}.AppStore|x64.ActiveCfg = Release|Any CPU
		{CBEC3DBC-6EF8-46F9-9BB6-450B89B403C8}.AppStore|x64.Build.0 = Release|Any CPU
		{CBEC3DBC-6EF8-46F9-9BB6-450B89B403C8}.AppStore|x86.ActiveCfg = Release|Any CPU
		{CBEC3DBC-6EF8-46F9-9BB6-450B89B403C8}.AppStore|x86.Build.0 = Release|Any CPU
		{CBEC3DBC-6EF8-46F9-9BB6-450B89B403C8}.Debug|Any CPU.ActiveCfg = Debug|Any CPU
		{CBEC3DBC-6EF8-46F9-9BB6-450B89B403C8}.Debug|Any CPU.Build.0 = Debug|Any CPU
		{CBEC3DBC-6EF8-46F9-9BB6-450B89B403C8}.Debug|ARM.ActiveCfg = Debug|Any CPU
		{CBEC3DBC-6EF8-46F9-9BB6-450B89B403C8}.Debug|ARM.Build.0 = Debug|Any CPU
		{CBEC3DBC-6EF8-46F9-9BB6-450B89B403C8}.Debug|ARM64.ActiveCfg = Debug|Any CPU
		{CBEC3DBC-6EF8-46F9-9BB6-450B89B403C8}.Debug|ARM64.Build.0 = Debug|Any CPU
		{CBEC3DBC-6EF8-46F9-9BB6-450B89B403C8}.Debug|iPhone.ActiveCfg = Debug|Any CPU
		{CBEC3DBC-6EF8-46F9-9BB6-450B89B403C8}.Debug|iPhone.Build.0 = Debug|Any CPU
		{CBEC3DBC-6EF8-46F9-9BB6-450B89B403C8}.Debug|iPhoneSimulator.ActiveCfg = Debug|Any CPU
		{CBEC3DBC-6EF8-46F9-9BB6-450B89B403C8}.Debug|iPhoneSimulator.Build.0 = Debug|Any CPU
		{CBEC3DBC-6EF8-46F9-9BB6-450B89B403C8}.Debug|x64.ActiveCfg = Debug|Any CPU
		{CBEC3DBC-6EF8-46F9-9BB6-450B89B403C8}.Debug|x64.Build.0 = Debug|Any CPU
		{CBEC3DBC-6EF8-46F9-9BB6-450B89B403C8}.Debug|x86.ActiveCfg = Debug|Any CPU
		{CBEC3DBC-6EF8-46F9-9BB6-450B89B403C8}.Debug|x86.Build.0 = Debug|Any CPU
		{CBEC3DBC-6EF8-46F9-9BB6-450B89B403C8}.Release|Any CPU.ActiveCfg = Release|Any CPU
		{CBEC3DBC-6EF8-46F9-9BB6-450B89B403C8}.Release|Any CPU.Build.0 = Release|Any CPU
		{CBEC3DBC-6EF8-46F9-9BB6-450B89B403C8}.Release|ARM.ActiveCfg = Release|Any CPU
		{CBEC3DBC-6EF8-46F9-9BB6-450B89B403C8}.Release|ARM.Build.0 = Release|Any CPU
		{CBEC3DBC-6EF8-46F9-9BB6-450B89B403C8}.Release|ARM64.ActiveCfg = Release|Any CPU
		{CBEC3DBC-6EF8-46F9-9BB6-450B89B403C8}.Release|ARM64.Build.0 = Release|Any CPU
		{CBEC3DBC-6EF8-46F9-9BB6-450B89B403C8}.Release|iPhone.ActiveCfg = Release|Any CPU
		{CBEC3DBC-6EF8-46F9-9BB6-450B89B403C8}.Release|iPhone.Build.0 = Release|Any CPU
		{CBEC3DBC-6EF8-46F9-9BB6-450B89B403C8}.Release|iPhoneSimulator.ActiveCfg = Release|Any CPU
		{CBEC3DBC-6EF8-46F9-9BB6-450B89B403C8}.Release|iPhoneSimulator.Build.0 = Release|Any CPU
		{CBEC3DBC-6EF8-46F9-9BB6-450B89B403C8}.Release|x64.ActiveCfg = Release|Any CPU
		{CBEC3DBC-6EF8-46F9-9BB6-450B89B403C8}.Release|x64.Build.0 = Release|Any CPU
		{CBEC3DBC-6EF8-46F9-9BB6-450B89B403C8}.Release|x86.ActiveCfg = Release|Any CPU
		{CBEC3DBC-6EF8-46F9-9BB6-450B89B403C8}.Release|x86.Build.0 = Release|Any CPU
	EndGlobalSection
	GlobalSection(SolutionProperties) = preSolution
		HideSolutionNode = FALSE
	EndGlobalSection
	GlobalSection(NestedProjects) = preSolution
		{65DF5B1B-CFC7-4199-ADD3-5543D85E3226} = {CDABC5DC-BB66-474F-BEE4-BE3951DF19F9}
		{982EB9F0-84E1-4202-B922-CE19798BB485} = {B9486425-4B6A-4A05-A8BF-0D86CF1F498F}
		{34922650-929A-49F5-8F4F-F1B03C31AB04} = {CDABC5DC-BB66-474F-BEE4-BE3951DF19F9}
		{886D1256-4BC9-4F92-84C3-F2E72834EB7E} = {CDABC5DC-BB66-474F-BEE4-BE3951DF19F9}
		{0E172675-7D81-4D5C-A5EF-9FEB545C3B27} = {B9486425-4B6A-4A05-A8BF-0D86CF1F498F}
		{CBEC3DBC-6EF8-46F9-9BB6-450B89B403C8} = {CDABC5DC-BB66-474F-BEE4-BE3951DF19F9}
	EndGlobalSection
	GlobalSection(ExtensibilityGlobals) = postSolution
		SolutionGuid = {38F01B05-7241-4EF5-97A5-D6BFCB6BBECA}
	EndGlobalSection
EndGlobal
